<?xml version="1.0" encoding="utf-8"?>
<Project ToolsVersion="4.0" xmlns="http://schemas.microsoft.com/developer/msbuild/2003">
  <ItemGroup>
    <Filter Include="Source Files">
      <UniqueIdentifier>{4c14c743-b0d7-4cfa-b7e2-885fdc2f28e0}</UniqueIdentifier>
    </Filter>
    <Filter Include="Generated Files">
      <UniqueIdentifier>{faf5c619-2954-49b9-8906-110e90d61deb}</UniqueIdentifier>
      <SourceControlFiles>False</SourceControlFiles>
    </Filter>
  </ItemGroup>
  <ItemGroup>
    <None Include="SignalGenps.def" />
  </ItemGroup>
  <ItemGroup>
    <ClCompile Include="SignalGen_i.c">
      <Filter>Generated Files</Filter>
    </ClCompile>
    <ClCompile Include="SignalGen_p.c">
      <Filter>Generated Files</Filter>
    </ClCompile>
    <ClCompile Include="dlldata.c">
      <Filter>Generated Files</Filter>
    </ClCompile>
  </ItemGroup>
</Project>